# THIS IS AN AUTOGENERATED FILE. DO NOT EDIT THIS FILE DIRECTLY.
# yarn lockfile v1


swiper@^11.2.4:
  version "11.2.4"
  resolved "https://registry.yarnpkg.com/swiper/-/swiper-11.2.4.tgz#4d1b55e07f909957e0406bdbff81b850b9dc8aeb"
  integrity sha512-DTtglrsFfMYytid+oNy4QI3t2N2+XhhwSYbnyOhlwBmvY8Bkoj3ombK1/b80w8vDpQ+Lqlnbm+0737+i32MrcA==
